
Microsoft Visual Studio Solution File, Format Version 12.00
# Visual Studio Version 16
VisualStudioVersion = 16.0.29728.190
MinimumVisualStudioVersion = 10.0.40219.1
Project("{9A19103F-16F7-4668-BE54-9A1E7A4F7556}") = "RadioApp", "Radio\RadioApp.csproj", "{52F39FAC-6A65-4E1C-A2D7-7B8580550553}"
EndProject
Project("{FAE04EC0-301F-11D3-BF4B-00C04F79EFBC}") = "RadioTests", "RadioTests\RadioTests.csproj", "{104DD673-C718-4AF7-9FC8-1E3A56062C24}"
EndProject
Global
	GlobalSection(SolutionConfigurationPlatforms) = preSolution
		Debug|Any CPU = Debug|Any CPU
		Release|Any CPU = Release|Any CPU
	EndGlobalSection
	GlobalSection(ProjectConfigurationPlatforms) = postSolution
		{52F39FAC-6A65-4E1C-A2D7-7B8580550553}.Debug|Any CPU.ActiveCfg = Debug|Any CPU
		{52F39FAC-6A65-4E1C-A2D7-7B8580550553}.Debug|Any CPU.Build.0 = Debug|Any CPU
		{52F39FAC-6A65-4E1C-A2D7-7B8580550553}.Release|Any CPU.ActiveCfg = Release|Any CPU
		{52F39FAC-6A65-4E1C-A2D7-7B8580550553}.Release|Any CPU.Build.0 = Release|Any CPU
		{104DD673-C718-4AF7-9FC8-1E3A56062C24}.Debug|Any CPU.ActiveCfg = Debug|Any CPU
		{104DD673-C718-4AF7-9FC8-1E3A56062C24}.Debug|Any CPU.Build.0 = Debug|Any CPU
		{104DD673-C718-4AF7-9FC8-1E3A56062C24}.Release|Any CPU.ActiveCfg = Release|Any CPU
		{104DD673-C718-4AF7-9FC8-1E3A56062C24}.Release|Any CPU.Build.0 = Release|Any CPU
	EndGlobalSection
	GlobalSection(SolutionProperties) = preSolution
		HideSolutionNode = FALSE
	EndGlobalSection
	GlobalSection(ExtensibilityGlobals) = postSolution
		SolutionGuid = {280661E5-9386-4445-B6C2-8A73E2064135}
	EndGlobalSection
EndGlobal
